// !$*UTF8*$!
{
	"archiveVersion" = 1;
	"classes" = {
	};
	"objectVersion" = 56;
	"objects" = {
		"7E88C55C35D1EB18F7D798A3" = {
			"isa" = "PBXFileReference";
			"explicitFileType" = "wrapper.framework";
			"includeInIndex" = 0;
			"path" = "FSCalendarCore.framework";
			"sourceTree" = "BUILT_PRODUCTS_DIR";
		};
		"B4113CC32004799EF927D8F4" = {
			"isa" = "PBXFileReference";
			"lastKnownFileType" = "sourcecode.swift";
			"path" = "../Sources/FSCalendarCore/CalendarCore.swift";
			"sourceTree" = "SOURCE_ROOT";
		};
		"08CBC29FDC25F4E3F47AC505" = {
			"isa" = "PBXBuildFile";
			"fileRef" = "B4113CC32004799EF927D8F4";
		};
		"23110E91329F094AC02D8204" = {
			"isa" = "PBXFileReference";
			"lastKnownFileType" = "sourcecode.swift";
			"path" = "../Sources/FSCalendarCore/CalendarPresentation.swift";
			"sourceTree" = "SOURCE_ROOT";
		};
		"755A8820256DF5826BE7CE96" = {
			"isa" = "PBXBuildFile";
			"fileRef" = "23110E91329F094AC02D8204";
		};
		"A2B4932084EBE9A2EC979AF9" = {
			"isa" = "PBXSourcesBuildPhase";
			"buildActionMask" = 2147483647;
			"files" = ("08CBC29FDC25F4E3F47AC505", "755A8820256DF5826BE7CE96");
			"runOnlyForDeploymentPostprocessing" = 0;
		};
		"91FC6334FC285661BAED2A5D" = {
			"isa" = "PBXFrameworksBuildPhase";
			"buildActionMask" = 2147483647;
			"files" = ();
			"runOnlyForDeploymentPostprocessing" = 0;
		};
		"2B750E232FD1D7DEA1610412" = {
			"isa" = "PBXResourcesBuildPhase";
			"buildActionMask" = 2147483647;
			"files" = ();
			"runOnlyForDeploymentPostprocessing" = 0;
		};
		"83606A747029FB5C44D05F7E" = {
			"isa" = "XCBuildConfiguration";
			"buildSettings" = {
				"PRODUCT_NAME" = "$(TARGET_NAME)";
				"PRODUCT_BUNDLE_IDENTIFIER" = "com.spbgfs.fscalendar.fscalendarcore";
				"DEVELOPMENT_TEAM" = "MDPX5436J8";
				"CODE_SIGN_STYLE" = "Automatic";
				"GENERATE_INFOPLIST_FILE" = "YES";
				"SWIFT_VERSION" = "6.0";
				"IPHONEOS_DEPLOYMENT_TARGET" = "16.0";
				"TARGETED_DEVICE_FAMILY" = "1,2";
				"SDKROOT" = "iphoneos";
				"SUPPORTED_PLATFORMS" = "iphoneos iphonesimulator";
				"CLANG_ENABLE_MODULES" = "YES";
				"CLANG_ENABLE_OBJC_ARC" = "YES";
				"ENABLE_USER_SCRIPT_SANDBOXING" = "YES";
				"SWIFT_STRICT_CONCURRENCY" = "complete";
				"SWIFT_EMIT_LOC_STRINGS" = "NO";
				"ENABLE_TESTABILITY" = "YES";
				"LD_RUNPATH_SEARCH_PATHS" = ("$(inherited)", "@executable_path/Frameworks", "@loader_path/Frameworks");
				"DEFINES_MODULE" = "YES";
				"MACH_O_TYPE" = "staticlib";
				"SKIP_INSTALL" = "YES";
				"CODE_SIGNING_ALLOWED" = "NO";
				"SWIFT_OPTIMIZATION_LEVEL" = "-Onone";
				"GCC_PREPROCESSOR_DEFINITIONS" = ("$(inherited)", "DEBUG=1");
			};
			"name" = "Debug";
		};
		"3DDA53B26E8380869B613BBB" = {
			"isa" = "XCBuildConfiguration";
			"buildSettings" = {
				"PRODUCT_NAME" = "$(TARGET_NAME)";
				"PRODUCT_BUNDLE_IDENTIFIER" = "com.spbgfs.fscalendar.fscalendarcore";
				"DEVELOPMENT_TEAM" = "MDPX5436J8";
				"CODE_SIGN_STYLE" = "Automatic";
				"GENERATE_INFOPLIST_FILE" = "YES";
				"SWIFT_VERSION" = "6.0";
				"IPHONEOS_DEPLOYMENT_TARGET" = "16.0";
				"TARGETED_DEVICE_FAMILY" = "1,2";
				"SDKROOT" = "iphoneos";
				"SUPPORTED_PLATFORMS" = "iphoneos iphonesimulator";
				"CLANG_ENABLE_MODULES" = "YES";
				"CLANG_ENABLE_OBJC_ARC" = "YES";
				"ENABLE_USER_SCRIPT_SANDBOXING" = "YES";
				"SWIFT_STRICT_CONCURRENCY" = "complete";
				"SWIFT_EMIT_LOC_STRINGS" = "NO";
				"ENABLE_TESTABILITY" = "YES";
				"LD_RUNPATH_SEARCH_PATHS" = ("$(inherited)", "@executable_path/Frameworks", "@loader_path/Frameworks");
				"DEFINES_MODULE" = "YES";
				"MACH_O_TYPE" = "staticlib";
				"SKIP_INSTALL" = "YES";
				"CODE_SIGNING_ALLOWED" = "NO";
				"SWIFT_OPTIMIZATION_LEVEL" = "-O";
				"GCC_PREPROCESSOR_DEFINITIONS" = ("$(inherited)");
			};
			"name" = "Release";
		};
		"1F13614C60F18B502DECE8C8" = {
			"isa" = "XCConfigurationList";
			"buildConfigurations" = ("83606A747029FB5C44D05F7E", "3DDA53B26E8380869B613BBB");
			"defaultConfigurationIsVisible" = 0;
			"defaultConfigurationName" = "Release";
		};
		"5B1EF304FF905A5B1BA0FBDA" = {
			"isa" = "PBXNativeTarget";
			"buildConfigurationList" = "1F13614C60F18B502DECE8C8";
			"buildPhases" = ("A2B4932084EBE9A2EC979AF9", "91FC6334FC285661BAED2A5D", "2B750E232FD1D7DEA1610412");
			"buildRules" = ();
			"dependencies" = ();
			"packageProductDependencies" = ();
			"name" = "FSCalendarCore";
			"productName" = "FSCalendarCore";
			"productReference" = "7E88C55C35D1EB18F7D798A3";
			"productType" = "com.apple.product-type.framework";
		};
		"7057570427DE372E16174201" = {
			"isa" = "PBXFileReference";
			"explicitFileType" = "wrapper.framework";
			"includeInIndex" = 0;
			"path" = "FSCalendar.framework";
			"sourceTree" = "BUILT_PRODUCTS_DIR";
		};
		"AFE41A8C5BA686AC1D0FE0C0" = {
			"isa" = "PBXFileReference";
			"lastKnownFileType" = "sourcecode.swift";
			"path" = "../Sources/FSCalendar/CalendarAppearance.swift";
			"sourceTree" = "SOURCE_ROOT";
		};
		"893B1601637A2F7A8C282A0C" = {
			"isa" = "PBXBuildFile";
			"fileRef" = "AFE41A8C5BA686AC1D0FE0C0";
		};
		"88DDC9E3D44F91136C53D5FB" = {
			"isa" = "PBXFileReference";
			"lastKnownFileType" = "sourcecode.swift";
			"path" = "../Sources/FSCalendar/CalendarCollectionLayout.swift";
			"sourceTree" = "SOURCE_ROOT";
		};
		"C07545FA0DF65D5DDD2C406F" = {
			"isa" = "PBXBuildFile";
			"fileRef" = "88DDC9E3D44F91136C53D5FB";
		};
		"72E529F73CBD50E227FD856B" = {
			"isa" = "PBXFileReference";
			"lastKnownFileType" = "sourcecode.swift";
			"path" = "../Sources/FSCalendar/CalendarTransitions.swift";
			"sourceTree" = "SOURCE_ROOT";
		};
		"3C2B732D6E8E088D937EBACD" = {
			"isa" = "PBXBuildFile";
			"fileRef" = "72E529F73CBD50E227FD856B";
		};
		"7A88F98E1631F00AD8CC8568" = {
			"isa" = "PBXFileReference";
			"lastKnownFileType" = "sourcecode.swift";
			"path" = "../Sources/FSCalendar/FSCalendar.swift";
			"sourceTree" = "SOURCE_ROOT";
		};
		"571511A1D7A302CCED8CF062" = {
			"isa" = "PBXBuildFile";
			"fileRef" = "7A88F98E1631F00AD8CC8568";
		};
		"5819106557D3AF98A5FADD71" = {
			"isa" = "PBXFileReference";
			"lastKnownFileType" = "sourcecode.swift";
			"path" = "../Sources/FSCalendar/FSCalendarCell.swift";
			"sourceTree" = "SOURCE_ROOT";
		};
		"7C137A0114564C6C340261D7" = {
			"isa" = "PBXBuildFile";
			"fileRef" = "5819106557D3AF98A5FADD71";
		};
		"8F81D2A8532A1744B47B7B93" = {
			"isa" = "PBXSourcesBuildPhase";
			"buildActionMask" = 2147483647;
			"files" = ("893B1601637A2F7A8C282A0C", "C07545FA0DF65D5DDD2C406F", "3C2B732D6E8E088D937EBACD", "571511A1D7A302CCED8CF062", "7C137A0114564C6C340261D7");
			"runOnlyForDeploymentPostprocessing" = 0;
		};
		"E4FEB9C143C84567CD3EC6E5" = {
			"isa" = "PBXBuildFile";
			"fileRef" = "7E88C55C35D1EB18F7D798A3";
		};
		"9B7939D5AD11D08A71D3C534" = {
			"isa" = "PBXFrameworksBuildPhase";
			"buildActionMask" = 2147483647;
			"files" = ("E4FEB9C143C84567CD3EC6E5");
			"runOnlyForDeploymentPostprocessing" = 0;
		};
		"12B25A7601A082C5FE10762D" = {
			"isa" = "PBXResourcesBuildPhase";
			"buildActionMask" = 2147483647;
			"files" = ();
			"runOnlyForDeploymentPostprocessing" = 0;
		};
		"DCCFF5DC6F1CDDC220A85C53" = {
			"isa" = "PBXContainerItemProxy";
			"containerPortal" = "98F54143AB4E86B28C3AFEE0";
			"proxyType" = 1;
			"remoteGlobalIDString" = "5B1EF304FF905A5B1BA0FBDA";
			"remoteInfo" = "FSCalendarCore";
		};
		"086C7E3CAC8A60C93995041C" = {
			"isa" = "PBXTargetDependency";
			"target" = "5B1EF304FF905A5B1BA0FBDA";
			"targetProxy" = "DCCFF5DC6F1CDDC220A85C53";
		};
		"18E9F2847CFFDDD42068B579" = {
			"isa" = "XCBuildConfiguration";
			"buildSettings" = {
				"PRODUCT_NAME" = "$(TARGET_NAME)";
				"PRODUCT_BUNDLE_IDENTIFIER" = "com.spbgfs.fscalendar.fscalendar";
				"DEVELOPMENT_TEAM" = "MDPX5436J8";
				"CODE_SIGN_STYLE" = "Automatic";
				"GENERATE_INFOPLIST_FILE" = "YES";
				"SWIFT_VERSION" = "6.0";
				"IPHONEOS_DEPLOYMENT_TARGET" = "16.0";
				"TARGETED_DEVICE_FAMILY" = "1,2";
				"SDKROOT" = "iphoneos";
				"SUPPORTED_PLATFORMS" = "iphoneos iphonesimulator";
				"CLANG_ENABLE_MODULES" = "YES";
				"CLANG_ENABLE_OBJC_ARC" = "YES";
				"ENABLE_USER_SCRIPT_SANDBOXING" = "YES";
				"SWIFT_STRICT_CONCURRENCY" = "complete";
				"SWIFT_EMIT_LOC_STRINGS" = "NO";
				"ENABLE_TESTABILITY" = "YES";
				"LD_RUNPATH_SEARCH_PATHS" = ("$(inherited)", "@executable_path/Frameworks", "@loader_path/Frameworks");
				"DEFINES_MODULE" = "YES";
				"MACH_O_TYPE" = "staticlib";
				"SKIP_INSTALL" = "YES";
				"CODE_SIGNING_ALLOWED" = "NO";
				"SWIFT_OPTIMIZATION_LEVEL" = "-Onone";
				"GCC_PREPROCESSOR_DEFINITIONS" = ("$(inherited)", "DEBUG=1");
			};
			"name" = "Debug";
		};
		"BEE2B0ED65F93808C70C3055" = {
			"isa" = "XCBuildConfiguration";
			"buildSettings" = {
				"PRODUCT_NAME" = "$(TARGET_NAME)";
				"PRODUCT_BUNDLE_IDENTIFIER" = "com.spbgfs.fscalendar.fscalendar";
				"DEVELOPMENT_TEAM" = "MDPX5436J8";
				"CODE_SIGN_STYLE" = "Automatic";
				"GENERATE_INFOPLIST_FILE" = "YES";
				"SWIFT_VERSION" = "6.0";
				"IPHONEOS_DEPLOYMENT_TARGET" = "16.0";
				"TARGETED_DEVICE_FAMILY" = "1,2";
				"SDKROOT" = "iphoneos";
				"SUPPORTED_PLATFORMS" = "iphoneos iphonesimulator";
				"CLANG_ENABLE_MODULES" = "YES";
				"CLANG_ENABLE_OBJC_ARC" = "YES";
				"ENABLE_USER_SCRIPT_SANDBOXING" = "YES";
				"SWIFT_STRICT_CONCURRENCY" = "complete";
				"SWIFT_EMIT_LOC_STRINGS" = "NO";
				"ENABLE_TESTABILITY" = "YES";
				"LD_RUNPATH_SEARCH_PATHS" = ("$(inherited)", "@executable_path/Frameworks", "@loader_path/Frameworks");
				"DEFINES_MODULE" = "YES";
				"MACH_O_TYPE" = "staticlib";
				"SKIP_INSTALL" = "YES";
				"CODE_SIGNING_ALLOWED" = "NO";
				"SWIFT_OPTIMIZATION_LEVEL" = "-O";
				"GCC_PREPROCESSOR_DEFINITIONS" = ("$(inherited)");
			};
			"name" = "Release";
		};
		"FB85DE5F8256220E2DEEB45F" = {
			"isa" = "XCConfigurationList";
			"buildConfigurations" = ("18E9F2847CFFDDD42068B579", "BEE2B0ED65F93808C70C3055");
			"defaultConfigurationIsVisible" = 0;
			"defaultConfigurationName" = "Release";
		};
		"82AD5E6D8C7F9296BDF7089A" = {
			"isa" = "PBXNativeTarget";
			"buildConfigurationList" = "FB85DE5F8256220E2DEEB45F";
			"buildPhases" = ("8F81D2A8532A1744B47B7B93", "9B7939D5AD11D08A71D3C534", "12B25A7601A082C5FE10762D");
			"buildRules" = ();
			"dependencies" = ("086C7E3CAC8A60C93995041C");
			"packageProductDependencies" = ();
			"name" = "FSCalendar";
			"productName" = "FSCalendar";
			"productReference" = "7057570427DE372E16174201";
			"productType" = "com.apple.product-type.framework";
		};
		"1F23E772E32885CE37E11282" = {
			"isa" = "PBXFileReference";
			"explicitFileType" = "wrapper.framework";
			"includeInIndex" = 0;
			"path" = "CalendarDemoSupport.framework";
			"sourceTree" = "BUILT_PRODUCTS_DIR";
		};
		"B5D6AF6402C1C1DFF71587E9" = {
			"isa" = "PBXFileReference";
			"lastKnownFileType" = "sourcecode.swift";
			"path" = "../Development/DemoSupport/DemoModel.swift";
			"sourceTree" = "SOURCE_ROOT";
		};
		"8C20AB6891617ACE0CE38FD7" = {
			"isa" = "PBXBuildFile";
			"fileRef" = "B5D6AF6402C1C1DFF71587E9";
		};
		"EF7B558C74DA997A409793A2" = {
			"isa" = "PBXSourcesBuildPhase";
			"buildActionMask" = 2147483647;
			"files" = ("8C20AB6891617ACE0CE38FD7");
			"runOnlyForDeploymentPostprocessing" = 0;
		};
		"5A21D92212511684E9AD543D" = {
			"isa" = "PBXFrameworksBuildPhase";
			"buildActionMask" = 2147483647;
			"files" = ();
			"runOnlyForDeploymentPostprocessing" = 0;
		};
		"6E2E123350A5B2D741864DFC" = {
			"isa" = "PBXResourcesBuildPhase";
			"buildActionMask" = 2147483647;
			"files" = ();
			"runOnlyForDeploymentPostprocessing" = 0;
		};
		"89800F48E68E4859CB00411D" = {
			"isa" = "XCBuildConfiguration";
			"buildSettings" = {
				"PRODUCT_NAME" = "$(TARGET_NAME)";
				"PRODUCT_BUNDLE_IDENTIFIER" = "com.spbgfs.fscalendar.calendardemosupport";
				"DEVELOPMENT_TEAM" = "MDPX5436J8";
				"CODE_SIGN_STYLE" = "Automatic";
				"GENERATE_INFOPLIST_FILE" = "YES";
				"SWIFT_VERSION" = "6.0";
				"IPHONEOS_DEPLOYMENT_TARGET" = "16.0";
				"TARGETED_DEVICE_FAMILY" = "1,2";
				"SDKROOT" = "iphoneos";
				"SUPPORTED_PLATFORMS" = "iphoneos iphonesimulator";
				"CLANG_ENABLE_MODULES" = "YES";
				"CLANG_ENABLE_OBJC_ARC" = "YES";
				"ENABLE_USER_SCRIPT_SANDBOXING" = "YES";
				"SWIFT_STRICT_CONCURRENCY" = "complete";
				"SWIFT_EMIT_LOC_STRINGS" = "NO";
				"ENABLE_TESTABILITY" = "YES";
				"LD_RUNPATH_SEARCH_PATHS" = ("$(inherited)", "@executable_path/Frameworks", "@loader_path/Frameworks");
				"DEFINES_MODULE" = "YES";
				"MACH_O_TYPE" = "staticlib";
				"SKIP_INSTALL" = "YES";
				"CODE_SIGNING_ALLOWED" = "NO";
				"SWIFT_OPTIMIZATION_LEVEL" = "-Onone";
				"GCC_PREPROCESSOR_DEFINITIONS" = ("$(inherited)", "DEBUG=1");
			};
			"name" = "Debug";
		};
		"95C083E9E0C630B150CC174E" = {
			"isa" = "XCBuildConfiguration";
			"buildSettings" = {
				"PRODUCT_NAME" = "$(TARGET_NAME)";
				"PRODUCT_BUNDLE_IDENTIFIER" = "com.spbgfs.fscalendar.calendardemosupport";
				"DEVELOPMENT_TEAM" = "MDPX5436J8";
				"CODE_SIGN_STYLE" = "Automatic";
				"GENERATE_INFOPLIST_FILE" = "YES";
				"SWIFT_VERSION" = "6.0";
				"IPHONEOS_DEPLOYMENT_TARGET" = "16.0";
				"TARGETED_DEVICE_FAMILY" = "1,2";
				"SDKROOT" = "iphoneos";
				"SUPPORTED_PLATFORMS" = "iphoneos iphonesimulator";
				"CLANG_ENABLE_MODULES" = "YES";
				"CLANG_ENABLE_OBJC_ARC" = "YES";
				"ENABLE_USER_SCRIPT_SANDBOXING" = "YES";
				"SWIFT_STRICT_CONCURRENCY" = "complete";
				"SWIFT_EMIT_LOC_STRINGS" = "NO";
				"ENABLE_TESTABILITY" = "YES";
				"LD_RUNPATH_SEARCH_PATHS" = ("$(inherited)", "@executable_path/Frameworks", "@loader_path/Frameworks");
				"DEFINES_MODULE" = "YES";
				"MACH_O_TYPE" = "staticlib";
				"SKIP_INSTALL" = "YES";
				"CODE_SIGNING_ALLOWED" = "NO";
				"SWIFT_OPTIMIZATION_LEVEL" = "-O";
				"GCC_PREPROCESSOR_DEFINITIONS" = ("$(inherited)");
			};
			"name" = "Release";
		};
		"45C6618DE051C6E51A347BC1" = {
			"isa" = "XCConfigurationList";
			"buildConfigurations" = ("89800F48E68E4859CB00411D", "95C083E9E0C630B150CC174E");
			"defaultConfigurationIsVisible" = 0;
			"defaultConfigurationName" = "Release";
		};
		"253BFE6D4BCACA7861FDDFC1" = {
			"isa" = "PBXNativeTarget";
			"buildConfigurationList" = "45C6618DE051C6E51A347BC1";
			"buildPhases" = ("EF7B558C74DA997A409793A2", "5A21D92212511684E9AD543D", "6E2E123350A5B2D741864DFC");
			"buildRules" = ();
			"dependencies" = ();
			"packageProductDependencies" = ();
			"name" = "CalendarDemoSupport";
			"productName" = "CalendarDemoSupport";
			"productReference" = "1F23E772E32885CE37E11282";
			"productType" = "com.apple.product-type.framework";
		};
		"81632FA471E2ABAEAE6D5BC9" = {
			"isa" = "PBXFileReference";
			"explicitFileType" = "wrapper.application";
			"includeInIndex" = 0;
			"path" = "CalendarShowcase.app";
			"sourceTree" = "BUILT_PRODUCTS_DIR";
		};
		"28FDB50C175165A9506196E9" = {
			"isa" = "PBXFileReference";
			"lastKnownFileType" = "sourcecode.swift";
			"path" = "CalendarShowcase/AppDelegate.swift";
			"sourceTree" = "SOURCE_ROOT";
		};
		"A7435CDDF1D108B4F04BB79C" = {
			"isa" = "PBXBuildFile";
			"fileRef" = "28FDB50C175165A9506196E9";
		};
		"517351B08E583ED17EDCE03A" = {
			"isa" = "PBXFileReference";
			"lastKnownFileType" = "sourcecode.swift";
			"path" = "CalendarShowcase/DemoModel.swift";
			"sourceTree" = "SOURCE_ROOT";
		};
		"DD3A671410B03C654A698A2D" = {
			"isa" = "PBXBuildFile";
			"fileRef" = "517351B08E583ED17EDCE03A";
		};
		"3E6923A95D5928BAC055040F" = {
			"isa" = "PBXFileReference";
			"lastKnownFileType" = "sourcecode.swift";
			"path" = "CalendarShowcase/SwiftCalendarDriver.swift";
			"sourceTree" = "SOURCE_ROOT";
		};
		"C909571A13C9615E71F773AB" = {
			"isa" = "PBXBuildFile";
			"fileRef" = "3E6923A95D5928BAC055040F";
		};
		"FDC4AF39F5BD732586577E3E" = {
			"isa" = "PBXSourcesBuildPhase";
			"buildActionMask" = 2147483647;
			"files" = ("A7435CDDF1D108B4F04BB79C", "DD3A671410B03C654A698A2D", "C909571A13C9615E71F773AB");
			"runOnlyForDeploymentPostprocessing" = 0;
		};
		"9F872203D96B131E6384ACF2" = {
			"isa" = "PBXBuildFile";
			"fileRef" = "1F23E772E32885CE37E11282";
		};
		"C06E4DDB646C372A7D5FF790" = {
			"isa" = "PBXBuildFile";
			"fileRef" = "7E88C55C35D1EB18F7D798A3";
		};
		"CCC439A38EC607CAA77B6FAD" = {
			"isa" = "PBXBuildFile";
			"fileRef" = "7057570427DE372E16174201";
		};
		"947C513038CB7A66AF1ED0A0" = {
			"isa" = "PBXFrameworksBuildPhase";
			"buildActionMask" = 2147483647;
			"files" = ("9F872203D96B131E6384ACF2", "C06E4DDB646C372A7D5FF790", "CCC439A38EC607CAA77B6FAD");
			"runOnlyForDeploymentPostprocessing" = 0;
		};
		"85E88640F6A08E8FF760C009" = {
			"isa" = "PBXResourcesBuildPhase";
			"buildActionMask" = 2147483647;
			"files" = ();
			"runOnlyForDeploymentPostprocessing" = 0;
		};
		"CC93274FC0545EBA2CE2884A" = {
			"isa" = "PBXContainerItemProxy";
			"containerPortal" = "98F54143AB4E86B28C3AFEE0";
			"proxyType" = 1;
			"remoteGlobalIDString" = "253BFE6D4BCACA7861FDDFC1";
			"remoteInfo" = "CalendarDemoSupport";
		};
		"20DB7A3D676F0F977447BF91" = {
			"isa" = "PBXTargetDependency";
			"target" = "253BFE6D4BCACA7861FDDFC1";
			"targetProxy" = "CC93274FC0545EBA2CE2884A";
		};
		"61F47038E5F114F2E93C67C1" = {
			"isa" = "PBXContainerItemProxy";
			"containerPortal" = "98F54143AB4E86B28C3AFEE0";
			"proxyType" = 1;
			"remoteGlobalIDString" = "5B1EF304FF905A5B1BA0FBDA";
			"remoteInfo" = "FSCalendarCore";
		};
		"96FC2404DBB91D8DFB93E574" = {
			"isa" = "PBXTargetDependency";
			"target" = "5B1EF304FF905A5B1BA0FBDA";
			"targetProxy" = "61F47038E5F114F2E93C67C1";
		};
		"633D775DBF2ABB81D1F06DF0" = {
			"isa" = "PBXContainerItemProxy";
			"containerPortal" = "98F54143AB4E86B28C3AFEE0";
			"proxyType" = 1;
			"remoteGlobalIDString" = "82AD5E6D8C7F9296BDF7089A";
			"remoteInfo" = "FSCalendar";
		};
		"9D498BA4A7903C99F124EA62" = {
			"isa" = "PBXTargetDependency";
			"target" = "82AD5E6D8C7F9296BDF7089A";
			"targetProxy" = "633D775DBF2ABB81D1F06DF0";
		};
		"ACADCC501475BB0204F82DD2" = {
			"isa" = "XCBuildConfiguration";
			"buildSettings" = {
				"PRODUCT_NAME" = "$(TARGET_NAME)";
				"PRODUCT_BUNDLE_IDENTIFIER" = "com.spbgfs.fscalendar.calendarshowcase";
				"DEVELOPMENT_TEAM" = "MDPX5436J8";
				"CODE_SIGN_STYLE" = "Automatic";
				"GENERATE_INFOPLIST_FILE" = "YES";
				"SWIFT_VERSION" = "6.0";
				"IPHONEOS_DEPLOYMENT_TARGET" = "16.0";
				"TARGETED_DEVICE_FAMILY" = "1,2";
				"SDKROOT" = "iphoneos";
				"SUPPORTED_PLATFORMS" = "iphoneos iphonesimulator";
				"CLANG_ENABLE_MODULES" = "YES";
				"CLANG_ENABLE_OBJC_ARC" = "YES";
				"ENABLE_USER_SCRIPT_SANDBOXING" = "YES";
				"SWIFT_STRICT_CONCURRENCY" = "complete";
				"SWIFT_EMIT_LOC_STRINGS" = "NO";
				"ENABLE_TESTABILITY" = "YES";
				"LD_RUNPATH_SEARCH_PATHS" = ("$(inherited)", "@executable_path/Frameworks", "@loader_path/Frameworks");
				"INFOPLIST_KEY_CFBundleDisplayName" = "Calendar Lab";
				"INFOPLIST_KEY_UILaunchScreen_Generation" = "YES";
				"INFOPLIST_KEY_UISupportedInterfaceOrientations" = "UIInterfaceOrientationPortrait UIInterfaceOrientationLandscapeLeft UIInterfaceOrientationLandscapeRight";
				"INFOPLIST_KEY_UIRequiresFullScreen" = "YES";
				"CURRENT_PROJECT_VERSION" = "1";
				"MARKETING_VERSION" = "0.1.0";
				"SWIFT_OPTIMIZATION_LEVEL" = "-Onone";
				"GCC_PREPROCESSOR_DEFINITIONS" = ("$(inherited)", "DEBUG=1");
			};
			"name" = "Debug";
		};
		"7A134EC84C80D9CF33636A5F" = {
			"isa" = "XCBuildConfiguration";
			"buildSettings" = {
				"PRODUCT_NAME" = "$(TARGET_NAME)";
				"PRODUCT_BUNDLE_IDENTIFIER" = "com.spbgfs.fscalendar.calendarshowcase";
				"DEVELOPMENT_TEAM" = "MDPX5436J8";
				"CODE_SIGN_STYLE" = "Automatic";
				"GENERATE_INFOPLIST_FILE" = "YES";
				"SWIFT_VERSION" = "6.0";
				"IPHONEOS_DEPLOYMENT_TARGET" = "16.0";
				"TARGETED_DEVICE_FAMILY" = "1,2";
				"SDKROOT" = "iphoneos";
				"SUPPORTED_PLATFORMS" = "iphoneos iphonesimulator";
				"CLANG_ENABLE_MODULES" = "YES";
				"CLANG_ENABLE_OBJC_ARC" = "YES";
				"ENABLE_USER_SCRIPT_SANDBOXING" = "YES";
				"SWIFT_STRICT_CONCURRENCY" = "complete";
				"SWIFT_EMIT_LOC_STRINGS" = "NO";
				"ENABLE_TESTABILITY" = "YES";
				"LD_RUNPATH_SEARCH_PATHS" = ("$(inherited)", "@executable_path/Frameworks", "@loader_path/Frameworks");
				"INFOPLIST_KEY_CFBundleDisplayName" = "Calendar Lab";
				"INFOPLIST_KEY_UILaunchScreen_Generation" = "YES";
				"INFOPLIST_KEY_UISupportedInterfaceOrientations" = "UIInterfaceOrientationPortrait UIInterfaceOrientationLandscapeLeft UIInterfaceOrientationLandscapeRight";
				"INFOPLIST_KEY_UIRequiresFullScreen" = "YES";
				"CURRENT_PROJECT_VERSION" = "1";
				"MARKETING_VERSION" = "0.1.0";
				"SWIFT_OPTIMIZATION_LEVEL" = "-O";
				"GCC_PREPROCESSOR_DEFINITIONS" = ("$(inherited)");
			};
			"name" = "Release";
		};
		"CD9FE188BB7E3FA753426173" = {
			"isa" = "XCConfigurationList";
			"buildConfigurations" = ("ACADCC501475BB0204F82DD2", "7A134EC84C80D9CF33636A5F");
			"defaultConfigurationIsVisible" = 0;
			"defaultConfigurationName" = "Release";
		};
		"660849A8C7D49A1419FE6191" = {
			"isa" = "PBXNativeTarget";
			"buildConfigurationList" = "CD9FE188BB7E3FA753426173";
			"buildPhases" = ("FDC4AF39F5BD732586577E3E", "947C513038CB7A66AF1ED0A0", "85E88640F6A08E8FF760C009");
			"buildRules" = ();
			"dependencies" = ("20DB7A3D676F0F977447BF91", "96FC2404DBB91D8DFB93E574", "9D498BA4A7903C99F124EA62");
			"packageProductDependencies" = ();
			"name" = "CalendarShowcase";
			"productName" = "CalendarShowcase";
			"productReference" = "81632FA471E2ABAEAE6D5BC9";
			"productType" = "com.apple.product-type.application";
		};
		"A0AAA320EFE8363A547EA7CA" = {
			"isa" = "PBXFileReference";
			"explicitFileType" = "wrapper.cfbundle";
			"includeInIndex" = 0;
			"path" = "CalendarShowcaseTests.xctest";
			"sourceTree" = "BUILT_PRODUCTS_DIR";
		};
		"FD4C24C574BA8F253B653409" = {
			"isa" = "PBXFileReference";
			"lastKnownFileType" = "sourcecode.swift";
			"path" = "../Development/ContractSupport/RendererSelectionContract.swift";
			"sourceTree" = "SOURCE_ROOT";
		};
		"03833921BFD4A43C9A7614C2" = {
			"isa" = "PBXBuildFile";
			"fileRef" = "FD4C24C574BA8F253B653409";
		};
		"B9BD3F33C797CCDC54CEAD70" = {
			"isa" = "PBXFileReference";
			"lastKnownFileType" = "sourcecode.swift";
			"path" = "CalendarShowcaseTests/SharedDriverTests.swift";
			"sourceTree" = "SOURCE_ROOT";
		};
		"C63CD9D93E88C66522C7F957" = {
			"isa" = "PBXBuildFile";
			"fileRef" = "B9BD3F33C797CCDC54CEAD70";
		};
		"3EDBB8F452D823DCA17F5020" = {
			"isa" = "PBXFileReference";
			"lastKnownFileType" = "sourcecode.swift";
			"path" = "../Tests/FSCalendarCoreTests/CalendarEngineTests.swift";
			"sourceTree" = "SOURCE_ROOT";
		};
		"BE3DC941BF8DD6313712CDF8" = {
			"isa" = "PBXBuildFile";
			"fileRef" = "3EDBB8F452D823DCA17F5020";
		};
		"86D9FB4F6BA17E9D1523CAE9" = {
			"isa" = "PBXFileReference";
			"lastKnownFileType" = "sourcecode.swift";
			"path" = "../Tests/FSCalendarCoreTests/SelectionTests.swift";
			"sourceTree" = "SOURCE_ROOT";
		};
		"5757DCCC8E970D6441D87757" = {
			"isa" = "PBXBuildFile";
			"fileRef" = "86D9FB4F6BA17E9D1523CAE9";
		};
		"6DE1EAF68A19EED0B070E25F" = {
			"isa" = "PBXFileReference";
			"lastKnownFileType" = "sourcecode.swift";
			"path" = "../Tests/FSCalendarCoreTests/TransitionPlannerTests.swift";
			"sourceTree" = "SOURCE_ROOT";
		};
		"EF7E2E667B9BA52AE5EEB022" = {
			"isa" = "PBXBuildFile";
			"fileRef" = "6DE1EAF68A19EED0B070E25F";
		};
		"331C7BE8F6635AE326E412A5" = {
			"isa" = "PBXFileReference";
			"lastKnownFileType" = "sourcecode.swift";
			"path" = "../Tests/FSCalendarTests/CalendarViewTests.swift";
			"sourceTree" = "SOURCE_ROOT";
		};
		"2AEA186D05E247718949F70D" = {
			"isa" = "PBXBuildFile";
			"fileRef" = "331C7BE8F6635AE326E412A5";
		};
		"D0D0F31BB46EA33B7394AAB9" = {
			"isa" = "PBXSourcesBuildPhase";
			"buildActionMask" = 2147483647;
			"files" = ("03833921BFD4A43C9A7614C2", "C63CD9D93E88C66522C7F957", "BE3DC941BF8DD6313712CDF8", "5757DCCC8E970D6441D87757", "EF7E2E667B9BA52AE5EEB022", "2AEA186D05E247718949F70D");
			"runOnlyForDeploymentPostprocessing" = 0;
		};
		"87B64E444AE8BE1AEC2725ED" = {
			"isa" = "PBXBuildFile";
			"fileRef" = "1F23E772E32885CE37E11282";
		};
		"106855909D9399F3345A9BEF" = {
			"isa" = "PBXBuildFile";
			"fileRef" = "7E88C55C35D1EB18F7D798A3";
		};
		"8C66E20FDF0FF88F0EA2EE9C" = {
			"isa" = "PBXBuildFile";
			"fileRef" = "7057570427DE372E16174201";
		};
		"8650EE4E0A533E0995E60B74" = {
			"isa" = "PBXFrameworksBuildPhase";
			"buildActionMask" = 2147483647;
			"files" = ("87B64E444AE8BE1AEC2725ED", "106855909D9399F3345A9BEF", "8C66E20FDF0FF88F0EA2EE9C");
			"runOnlyForDeploymentPostprocessing" = 0;
		};
		"715513396132B3D1F6132A33" = {
			"isa" = "PBXResourcesBuildPhase";
			"buildActionMask" = 2147483647;
			"files" = ();
			"runOnlyForDeploymentPostprocessing" = 0;
		};
		"28462C4C64C7CC307AF0858A" = {
			"isa" = "PBXContainerItemProxy";
			"containerPortal" = "98F54143AB4E86B28C3AFEE0";
			"proxyType" = 1;
			"remoteGlobalIDString" = "660849A8C7D49A1419FE6191";
			"remoteInfo" = "CalendarShowcase";
		};
		"A37604295C26247FB3D32632" = {
			"isa" = "PBXTargetDependency";
			"target" = "660849A8C7D49A1419FE6191";
			"targetProxy" = "28462C4C64C7CC307AF0858A";
		};
		"5B5ACA26902185FD59ABFEDA" = {
			"isa" = "XCBuildConfiguration";
			"buildSettings" = {
				"PRODUCT_NAME" = "$(TARGET_NAME)";
				"PRODUCT_BUNDLE_IDENTIFIER" = "com.spbgfs.fscalendar.calendarshowcasetests";
				"DEVELOPMENT_TEAM" = "MDPX5436J8";
				"CODE_SIGN_STYLE" = "Automatic";
				"GENERATE_INFOPLIST_FILE" = "YES";
				"SWIFT_VERSION" = "6.0";
				"IPHONEOS_DEPLOYMENT_TARGET" = "16.0";
				"TARGETED_DEVICE_FAMILY" = "1,2";
				"SDKROOT" = "iphoneos";
				"SUPPORTED_PLATFORMS" = "iphoneos iphonesimulator";
				"CLANG_ENABLE_MODULES" = "YES";
				"CLANG_ENABLE_OBJC_ARC" = "YES";
				"ENABLE_USER_SCRIPT_SANDBOXING" = "YES";
				"SWIFT_STRICT_CONCURRENCY" = "complete";
				"SWIFT_EMIT_LOC_STRINGS" = "NO";
				"ENABLE_TESTABILITY" = "YES";
				"LD_RUNPATH_SEARCH_PATHS" = ("$(inherited)", "@executable_path/Frameworks", "@loader_path/Frameworks");
				"TEST_HOST" = "$(BUILT_PRODUCTS_DIR)/CalendarShowcase.app/CalendarShowcase";
				"BUNDLE_LOADER" = "$(TEST_HOST)";
				"SWIFT_OPTIMIZATION_LEVEL" = "-Onone";
				"GCC_PREPROCESSOR_DEFINITIONS" = ("$(inherited)", "DEBUG=1");
			};
			"name" = "Debug";
		};
		"A48ECF21FEBE63475514CAFD" = {
			"isa" = "XCBuildConfiguration";
			"buildSettings" = {
				"PRODUCT_NAME" = "$(TARGET_NAME)";
				"PRODUCT_BUNDLE_IDENTIFIER" = "com.spbgfs.fscalendar.calendarshowcasetests";
				"DEVELOPMENT_TEAM" = "MDPX5436J8";
				"CODE_SIGN_STYLE" = "Automatic";
				"GENERATE_INFOPLIST_FILE" = "YES";
				"SWIFT_VERSION" = "6.0";
				"IPHONEOS_DEPLOYMENT_TARGET" = "16.0";
				"TARGETED_DEVICE_FAMILY" = "1,2";
				"SDKROOT" = "iphoneos";
				"SUPPORTED_PLATFORMS" = "iphoneos iphonesimulator";
				"CLANG_ENABLE_MODULES" = "YES";
				"CLANG_ENABLE_OBJC_ARC" = "YES";
				"ENABLE_USER_SCRIPT_SANDBOXING" = "YES";
				"SWIFT_STRICT_CONCURRENCY" = "complete";
				"SWIFT_EMIT_LOC_STRINGS" = "NO";
				"ENABLE_TESTABILITY" = "YES";
				"LD_RUNPATH_SEARCH_PATHS" = ("$(inherited)", "@executable_path/Frameworks", "@loader_path/Frameworks");
				"TEST_HOST" = "$(BUILT_PRODUCTS_DIR)/CalendarShowcase.app/CalendarShowcase";
				"BUNDLE_LOADER" = "$(TEST_HOST)";
				"SWIFT_OPTIMIZATION_LEVEL" = "-O";
				"GCC_PREPROCESSOR_DEFINITIONS" = ("$(inherited)");
			};
			"name" = "Release";
		};
		"AF27376B1E4EDDDBF1500622" = {
			"isa" = "XCConfigurationList";
			"buildConfigurations" = ("5B5ACA26902185FD59ABFEDA", "A48ECF21FEBE63475514CAFD");
			"defaultConfigurationIsVisible" = 0;
			"defaultConfigurationName" = "Release";
		};
		"631974F29E71808D0C7A71B9" = {
			"isa" = "PBXNativeTarget";
			"buildConfigurationList" = "AF27376B1E4EDDDBF1500622";
			"buildPhases" = ("D0D0F31BB46EA33B7394AAB9", "8650EE4E0A533E0995E60B74", "715513396132B3D1F6132A33");
			"buildRules" = ();
			"dependencies" = ("A37604295C26247FB3D32632");
			"packageProductDependencies" = ();
			"name" = "CalendarShowcaseTests";
			"productName" = "CalendarShowcaseTests";
			"productReference" = "A0AAA320EFE8363A547EA7CA";
			"productType" = "com.apple.product-type.bundle.unit-test";
		};
		"23C21D3607444669AB28773B" = {
			"isa" = "PBXFileReference";
			"explicitFileType" = "wrapper.cfbundle";
			"includeInIndex" = 0;
			"path" = "CalendarShowcaseUITests.xctest";
			"sourceTree" = "BUILT_PRODUCTS_DIR";
		};
		"099B8C91163280888C789D5D" = {
			"isa" = "PBXFileReference";
			"lastKnownFileType" = "sourcecode.swift";
			"path" = "CalendarShowcaseUITests/CalendarShowcaseUITests.swift";
			"sourceTree" = "SOURCE_ROOT";
		};
		"373A9B47920CCD40E528560D" = {
			"isa" = "PBXBuildFile";
			"fileRef" = "099B8C91163280888C789D5D";
		};
		"275C23BF2BB4785C9D04F089" = {
			"isa" = "PBXSourcesBuildPhase";
			"buildActionMask" = 2147483647;
			"files" = ("373A9B47920CCD40E528560D");
			"runOnlyForDeploymentPostprocessing" = 0;
		};
		"284708B5A35B1CEA8235BDD4" = {
			"isa" = "PBXFrameworksBuildPhase";
			"buildActionMask" = 2147483647;
			"files" = ();
			"runOnlyForDeploymentPostprocessing" = 0;
		};
		"A1AEF0FF573C300DF6FE7AB1" = {
			"isa" = "PBXResourcesBuildPhase";
			"buildActionMask" = 2147483647;
			"files" = ();
			"runOnlyForDeploymentPostprocessing" = 0;
		};
		"A1E2C00FEC440F9941D4844D" = {
			"isa" = "PBXContainerItemProxy";
			"containerPortal" = "98F54143AB4E86B28C3AFEE0";
			"proxyType" = 1;
			"remoteGlobalIDString" = "660849A8C7D49A1419FE6191";
			"remoteInfo" = "CalendarShowcase";
		};
		"1BBD3F63C9B8FF7FAB328936" = {
			"isa" = "PBXTargetDependency";
			"target" = "660849A8C7D49A1419FE6191";
			"targetProxy" = "A1E2C00FEC440F9941D4844D";
		};
		"8F48DE251FB1D1166A2F6155" = {
			"isa" = "XCBuildConfiguration";
			"buildSettings" = {
				"PRODUCT_NAME" = "$(TARGET_NAME)";
				"PRODUCT_BUNDLE_IDENTIFIER" = "com.spbgfs.fscalendar.calendarshowcaseuitests";
				"DEVELOPMENT_TEAM" = "MDPX5436J8";
				"CODE_SIGN_STYLE" = "Automatic";
				"GENERATE_INFOPLIST_FILE" = "YES";
				"SWIFT_VERSION" = "6.0";
				"IPHONEOS_DEPLOYMENT_TARGET" = "16.0";
				"TARGETED_DEVICE_FAMILY" = "1,2";
				"SDKROOT" = "iphoneos";
				"SUPPORTED_PLATFORMS" = "iphoneos iphonesimulator";
				"CLANG_ENABLE_MODULES" = "YES";
				"CLANG_ENABLE_OBJC_ARC" = "YES";
				"ENABLE_USER_SCRIPT_SANDBOXING" = "YES";
				"SWIFT_STRICT_CONCURRENCY" = "complete";
				"SWIFT_EMIT_LOC_STRINGS" = "NO";
				"ENABLE_TESTABILITY" = "YES";
				"LD_RUNPATH_SEARCH_PATHS" = ("$(inherited)", "@executable_path/Frameworks", "@loader_path/Frameworks");
				"TEST_TARGET_NAME" = "CalendarShowcase";
				"SWIFT_OPTIMIZATION_LEVEL" = "-Onone";
				"GCC_PREPROCESSOR_DEFINITIONS" = ("$(inherited)", "DEBUG=1");
			};
			"name" = "Debug";
		};
		"A73A296FC2F474C95ACFF5BE" = {
			"isa" = "XCBuildConfiguration";
			"buildSettings" = {
				"PRODUCT_NAME" = "$(TARGET_NAME)";
				"PRODUCT_BUNDLE_IDENTIFIER" = "com.spbgfs.fscalendar.calendarshowcaseuitests";
				"DEVELOPMENT_TEAM" = "MDPX5436J8";
				"CODE_SIGN_STYLE" = "Automatic";
				"GENERATE_INFOPLIST_FILE" = "YES";
				"SWIFT_VERSION" = "6.0";
				"IPHONEOS_DEPLOYMENT_TARGET" = "16.0";
				"TARGETED_DEVICE_FAMILY" = "1,2";
				"SDKROOT" = "iphoneos";
				"SUPPORTED_PLATFORMS" = "iphoneos iphonesimulator";
				"CLANG_ENABLE_MODULES" = "YES";
				"CLANG_ENABLE_OBJC_ARC" = "YES";
				"ENABLE_USER_SCRIPT_SANDBOXING" = "YES";
				"SWIFT_STRICT_CONCURRENCY" = "complete";
				"SWIFT_EMIT_LOC_STRINGS" = "NO";
				"ENABLE_TESTABILITY" = "YES";
				"LD_RUNPATH_SEARCH_PATHS" = ("$(inherited)", "@executable_path/Frameworks", "@loader_path/Frameworks");
				"TEST_TARGET_NAME" = "CalendarShowcase";
				"SWIFT_OPTIMIZATION_LEVEL" = "-O";
				"GCC_PREPROCESSOR_DEFINITIONS" = ("$(inherited)");
			};
			"name" = "Release";
		};
		"A5D733216012E216BE8FECC7" = {
			"isa" = "XCConfigurationList";
			"buildConfigurations" = ("8F48DE251FB1D1166A2F6155", "A73A296FC2F474C95ACFF5BE");
			"defaultConfigurationIsVisible" = 0;
			"defaultConfigurationName" = "Release";
		};
		"C0376A1982B11CEE751A7FF5" = {
			"isa" = "PBXNativeTarget";
			"buildConfigurationList" = "A5D733216012E216BE8FECC7";
			"buildPhases" = ("275C23BF2BB4785C9D04F089", "284708B5A35B1CEA8235BDD4", "A1AEF0FF573C300DF6FE7AB1");
			"buildRules" = ();
			"dependencies" = ("1BBD3F63C9B8FF7FAB328936");
			"packageProductDependencies" = ();
			"name" = "CalendarShowcaseUITests";
			"productName" = "CalendarShowcaseUITests";
			"productReference" = "23C21D3607444669AB28773B";
			"productType" = "com.apple.product-type.bundle.ui-testing";
		};
		"CF21FADD42EAB8F8303A3895" = {
			"isa" = "XCLocalSwiftPackageReference";
			"relativePath" = "..";
		};
		"C8FD54D416DDC7535F55B3AB" = {
			"isa" = "PBXFileReference";
			"explicitFileType" = "wrapper.framework";
			"includeInIndex" = 0;
			"path" = "CalendarDemoSupportMac.framework";
			"sourceTree" = "BUILT_PRODUCTS_DIR";
		};
		"8D649EF61A4CF8AF9380ADB4" = {
			"isa" = "PBXBuildFile";
			"fileRef" = "B5D6AF6402C1C1DFF71587E9";
		};
		"72CF63E3451F557AA9D09552" = {
			"isa" = "PBXSourcesBuildPhase";
			"buildActionMask" = 2147483647;
			"files" = ("8D649EF61A4CF8AF9380ADB4");
			"runOnlyForDeploymentPostprocessing" = 0;
		};
		"6F230B07D9CBB291E27F025A" = {
			"isa" = "PBXFrameworksBuildPhase";
			"buildActionMask" = 2147483647;
			"files" = ();
			"runOnlyForDeploymentPostprocessing" = 0;
		};
		"016E58FDBD11DB06EBAA5AF8" = {
			"isa" = "PBXResourcesBuildPhase";
			"buildActionMask" = 2147483647;
			"files" = ();
			"runOnlyForDeploymentPostprocessing" = 0;
		};
		"636FA86B4CE4CA7BA8262D66" = {
			"isa" = "XCBuildConfiguration";
			"buildSettings" = {
				"PRODUCT_NAME" = "$(TARGET_NAME)";
				"PRODUCT_BUNDLE_IDENTIFIER" = "com.spbgfs.fscalendar.calendardemosupportmac";
				"DEVELOPMENT_TEAM" = "MDPX5436J8";
				"CODE_SIGN_STYLE" = "Automatic";
				"GENERATE_INFOPLIST_FILE" = "YES";
				"SWIFT_VERSION" = "6.0";
				"SDKROOT" = "macosx";
				"SUPPORTED_PLATFORMS" = "macosx";
				"CLANG_ENABLE_MODULES" = "YES";
				"CLANG_ENABLE_OBJC_ARC" = "YES";
				"ENABLE_USER_SCRIPT_SANDBOXING" = "YES";
				"SWIFT_STRICT_CONCURRENCY" = "complete";
				"SWIFT_EMIT_LOC_STRINGS" = "NO";
				"ENABLE_TESTABILITY" = "YES";
				"LD_RUNPATH_SEARCH_PATHS" = ("$(inherited)", "@executable_path/../Frameworks", "@loader_path/../Frameworks");
				"DEFINES_MODULE" = "YES";
				"MACH_O_TYPE" = "staticlib";
				"SKIP_INSTALL" = "YES";
				"CODE_SIGNING_ALLOWED" = "NO";
				"MACOSX_DEPLOYMENT_TARGET" = "13.0";
				"ONLY_ACTIVE_ARCH" = "YES";
				"CODE_SIGN_IDENTITY" = "-";
				"ENABLE_HARDENED_RUNTIME" = "NO";
				"SWIFT_TREAT_WARNINGS_AS_ERRORS" = "YES";
				"SWIFT_OPTIMIZATION_LEVEL" = "-Onone";
				"GCC_PREPROCESSOR_DEFINITIONS" = ("$(inherited)", "DEBUG=1");
			};
			"name" = "Debug";
		};
		"F15CF33758D6C8E8773B20A6" = {
			"isa" = "XCBuildConfiguration";
			"buildSettings" = {
				"PRODUCT_NAME" = "$(TARGET_NAME)";
				"PRODUCT_BUNDLE_IDENTIFIER" = "com.spbgfs.fscalendar.calendardemosupportmac";
				"DEVELOPMENT_TEAM" = "MDPX5436J8";
				"CODE_SIGN_STYLE" = "Automatic";
				"GENERATE_INFOPLIST_FILE" = "YES";
				"SWIFT_VERSION" = "6.0";
				"SDKROOT" = "macosx";
				"SUPPORTED_PLATFORMS" = "macosx";
				"CLANG_ENABLE_MODULES" = "YES";
				"CLANG_ENABLE_OBJC_ARC" = "YES";
				"ENABLE_USER_SCRIPT_SANDBOXING" = "YES";
				"SWIFT_STRICT_CONCURRENCY" = "complete";
				"SWIFT_EMIT_LOC_STRINGS" = "NO";
				"ENABLE_TESTABILITY" = "YES";
				"LD_RUNPATH_SEARCH_PATHS" = ("$(inherited)", "@executable_path/../Frameworks", "@loader_path/../Frameworks");
				"DEFINES_MODULE" = "YES";
				"MACH_O_TYPE" = "staticlib";
				"SKIP_INSTALL" = "YES";
				"CODE_SIGNING_ALLOWED" = "NO";
				"MACOSX_DEPLOYMENT_TARGET" = "13.0";
				"ONLY_ACTIVE_ARCH" = "YES";
				"CODE_SIGN_IDENTITY" = "-";
				"ENABLE_HARDENED_RUNTIME" = "NO";
				"SWIFT_TREAT_WARNINGS_AS_ERRORS" = "YES";
				"SWIFT_OPTIMIZATION_LEVEL" = "-O";
				"GCC_PREPROCESSOR_DEFINITIONS" = ("$(inherited)");
			};
			"name" = "Release";
		};
		"40E83A76991C30D2E25F97B7" = {
			"isa" = "XCConfigurationList";
			"buildConfigurations" = ("636FA86B4CE4CA7BA8262D66", "F15CF33758D6C8E8773B20A6");
			"defaultConfigurationIsVisible" = 0;
			"defaultConfigurationName" = "Release";
		};
		"4250E6CA61C9D17106890D88" = {
			"isa" = "PBXNativeTarget";
			"buildConfigurationList" = "40E83A76991C30D2E25F97B7";
			"buildPhases" = ("72CF63E3451F557AA9D09552", "6F230B07D9CBB291E27F025A", "016E58FDBD11DB06EBAA5AF8");
			"buildRules" = ();
			"dependencies" = ();
			"packageProductDependencies" = ();
			"name" = "CalendarDemoSupportMac";
			"productName" = "CalendarDemoSupportMac";
			"productReference" = "C8FD54D416DDC7535F55B3AB";
			"productType" = "com.apple.product-type.framework";
		};
		"E490B34786C976E221E431AA" = {
			"isa" = "PBXFileReference";
			"explicitFileType" = "wrapper.application";
			"includeInIndex" = 0;
			"path" = "CalendarShowcaseMac.app";
			"sourceTree" = "BUILT_PRODUCTS_DIR";
		};
		"71659A698C964BE8CF1794D0" = {
			"isa" = "PBXFileReference";
			"lastKnownFileType" = "sourcecode.swift";
			"path" = "CalendarShowcaseMac/AppKitCalendarDriver.swift";
			"sourceTree" = "SOURCE_ROOT";
		};
		"3B9419A2FA9D70B7D355251E" = {
			"isa" = "PBXBuildFile";
			"fileRef" = "71659A698C964BE8CF1794D0";
		};
		"3565198C6397E22419590705" = {
			"isa" = "PBXFileReference";
			"lastKnownFileType" = "sourcecode.swift";
			"path" = "CalendarShowcaseMac/ShowcaseController.swift";
			"sourceTree" = "SOURCE_ROOT";
		};
		"6309F7AE1ACE5ACB78694360" = {
			"isa" = "PBXBuildFile";
			"fileRef" = "3565198C6397E22419590705";
		};
		"B7192EA80985FD79AADC6598" = {
			"isa" = "PBXFileReference";
			"lastKnownFileType" = "sourcecode.swift";
			"path" = "CalendarShowcaseMac/main.swift";
			"sourceTree" = "SOURCE_ROOT";
		};
		"B7427B35B0E133260D2A2B40" = {
			"isa" = "PBXBuildFile";
			"fileRef" = "B7192EA80985FD79AADC6598";
		};
		"E547D2059947F9E625162982" = {
			"isa" = "PBXSourcesBuildPhase";
			"buildActionMask" = 2147483647;
			"files" = ("3B9419A2FA9D70B7D355251E", "6309F7AE1ACE5ACB78694360", "B7427B35B0E133260D2A2B40");
			"runOnlyForDeploymentPostprocessing" = 0;
		};
		"7E6D51B14D0DA0FE9894E147" = {
			"isa" = "PBXBuildFile";
			"fileRef" = "C8FD54D416DDC7535F55B3AB";
		};
		"09F2EA4CCA634E3347F9E38B" = {
			"isa" = "XCSwiftPackageProductDependency";
			"productName" = "FSCalendarCore";
		};
		"52FA648B7A8A20F4FB13E00B" = {
			"isa" = "PBXBuildFile";
			"productRef" = "09F2EA4CCA634E3347F9E38B";
		};
		"44752536E1334B50A3427BD8" = {
			"isa" = "XCSwiftPackageProductDependency";
			"productName" = "FSCalendarAppKit";
		};
		"003856485E921AD39E4B6ECB" = {
			"isa" = "PBXBuildFile";
			"productRef" = "44752536E1334B50A3427BD8";
		};
		"ED0C3AE3FF365F02684939DA" = {
			"isa" = "PBXFrameworksBuildPhase";
			"buildActionMask" = 2147483647;
			"files" = ("7E6D51B14D0DA0FE9894E147", "52FA648B7A8A20F4FB13E00B", "003856485E921AD39E4B6ECB");
			"runOnlyForDeploymentPostprocessing" = 0;
		};
		"E556413BC7E144EECE55F2D4" = {
			"isa" = "PBXResourcesBuildPhase";
			"buildActionMask" = 2147483647;
			"files" = ();
			"runOnlyForDeploymentPostprocessing" = 0;
		};
		"C9957AB03AAE1CA94E0E2E37" = {
			"isa" = "PBXContainerItemProxy";
			"containerPortal" = "98F54143AB4E86B28C3AFEE0";
			"proxyType" = 1;
			"remoteGlobalIDString" = "4250E6CA61C9D17106890D88";
			"remoteInfo" = "CalendarDemoSupportMac";
		};
		"ADC807D2978B39949F70C150" = {
			"isa" = "PBXTargetDependency";
			"target" = "4250E6CA61C9D17106890D88";
			"targetProxy" = "C9957AB03AAE1CA94E0E2E37";
		};
		"7FCD42EE74DDD9C8D2CDC4FD" = {
			"isa" = "XCBuildConfiguration";
			"buildSettings" = {
				"PRODUCT_NAME" = "$(TARGET_NAME)";
				"PRODUCT_BUNDLE_IDENTIFIER" = "com.spbgfs.fscalendar.calendarshowcasemac";
				"DEVELOPMENT_TEAM" = "MDPX5436J8";
				"CODE_SIGN_STYLE" = "Automatic";
				"GENERATE_INFOPLIST_FILE" = "YES";
				"SWIFT_VERSION" = "6.0";
				"SDKROOT" = "macosx";
				"SUPPORTED_PLATFORMS" = "macosx";
				"CLANG_ENABLE_MODULES" = "YES";
				"CLANG_ENABLE_OBJC_ARC" = "YES";
				"ENABLE_USER_SCRIPT_SANDBOXING" = "YES";
				"SWIFT_STRICT_CONCURRENCY" = "complete";
				"SWIFT_EMIT_LOC_STRINGS" = "NO";
				"ENABLE_TESTABILITY" = "YES";
				"LD_RUNPATH_SEARCH_PATHS" = ("$(inherited)", "@executable_path/../Frameworks", "@loader_path/../Frameworks");
				"INFOPLIST_KEY_CFBundleDisplayName" = "Calendar Lab";
				"CURRENT_PROJECT_VERSION" = "1";
				"MARKETING_VERSION" = "0.1.0";
				"MACOSX_DEPLOYMENT_TARGET" = "13.0";
				"ONLY_ACTIVE_ARCH" = "YES";
				"CODE_SIGN_IDENTITY" = "-";
				"ENABLE_HARDENED_RUNTIME" = "NO";
				"SWIFT_TREAT_WARNINGS_AS_ERRORS" = "YES";
				"INFOPLIST_KEY_NSPrincipalClass" = "NSApplication";
				"INFOPLIST_KEY_LSApplicationCategoryType" = "public.app-category.developer-tools";
				"SWIFT_OPTIMIZATION_LEVEL" = "-Onone";
				"GCC_PREPROCESSOR_DEFINITIONS" = ("$(inherited)", "DEBUG=1");
			};
			"name" = "Debug";
		};
		"07E07E2E4CB415D9A5395453" = {
			"isa" = "XCBuildConfiguration";
			"buildSettings" = {
				"PRODUCT_NAME" = "$(TARGET_NAME)";
				"PRODUCT_BUNDLE_IDENTIFIER" = "com.spbgfs.fscalendar.calendarshowcasemac";
				"DEVELOPMENT_TEAM" = "MDPX5436J8";
				"CODE_SIGN_STYLE" = "Automatic";
				"GENERATE_INFOPLIST_FILE" = "YES";
				"SWIFT_VERSION" = "6.0";
				"SDKROOT" = "macosx";
				"SUPPORTED_PLATFORMS" = "macosx";
				"CLANG_ENABLE_MODULES" = "YES";
				"CLANG_ENABLE_OBJC_ARC" = "YES";
				"ENABLE_USER_SCRIPT_SANDBOXING" = "YES";
				"SWIFT_STRICT_CONCURRENCY" = "complete";
				"SWIFT_EMIT_LOC_STRINGS" = "NO";
				"ENABLE_TESTABILITY" = "YES";
				"LD_RUNPATH_SEARCH_PATHS" = ("$(inherited)", "@executable_path/../Frameworks", "@loader_path/../Frameworks");
				"INFOPLIST_KEY_CFBundleDisplayName" = "Calendar Lab";
				"CURRENT_PROJECT_VERSION" = "1";
				"MARKETING_VERSION" = "0.1.0";
				"MACOSX_DEPLOYMENT_TARGET" = "13.0";
				"ONLY_ACTIVE_ARCH" = "YES";
				"CODE_SIGN_IDENTITY" = "-";
				"ENABLE_HARDENED_RUNTIME" = "NO";
				"SWIFT_TREAT_WARNINGS_AS_ERRORS" = "YES";
				"INFOPLIST_KEY_NSPrincipalClass" = "NSApplication";
				"INFOPLIST_KEY_LSApplicationCategoryType" = "public.app-category.developer-tools";
				"SWIFT_OPTIMIZATION_LEVEL" = "-O";
				"GCC_PREPROCESSOR_DEFINITIONS" = ("$(inherited)");
			};
			"name" = "Release";
		};
		"6A938A7CBEE9826FED17DCF5" = {
			"isa" = "XCConfigurationList";
			"buildConfigurations" = ("7FCD42EE74DDD9C8D2CDC4FD", "07E07E2E4CB415D9A5395453");
			"defaultConfigurationIsVisible" = 0;
			"defaultConfigurationName" = "Release";
		};
		"239F3C8BE583882221681140" = {
			"isa" = "PBXNativeTarget";
			"buildConfigurationList" = "6A938A7CBEE9826FED17DCF5";
			"buildPhases" = ("E547D2059947F9E625162982", "ED0C3AE3FF365F02684939DA", "E556413BC7E144EECE55F2D4");
			"buildRules" = ();
			"dependencies" = ("ADC807D2978B39949F70C150");
			"packageProductDependencies" = ("09F2EA4CCA634E3347F9E38B", "44752536E1334B50A3427BD8");
			"name" = "CalendarShowcaseMac";
			"productName" = "CalendarShowcaseMac";
			"productReference" = "E490B34786C976E221E431AA";
			"productType" = "com.apple.product-type.application";
		};
		"DB78D612172724630BA8189D" = {
			"isa" = "PBXFileReference";
			"explicitFileType" = "wrapper.cfbundle";
			"includeInIndex" = 0;
			"path" = "CalendarShowcaseMacTests.xctest";
			"sourceTree" = "BUILT_PRODUCTS_DIR";
		};
		"3F0C5AAB98502EC430ED01C0" = {
			"isa" = "PBXBuildFile";
			"fileRef" = "FD4C24C574BA8F253B653409";
		};
		"086628570EBA9A1B68305CEB" = {
			"isa" = "PBXFileReference";
			"lastKnownFileType" = "sourcecode.swift";
			"path" = "CalendarShowcaseMacTests/AppKitScenarioTests.swift";
			"sourceTree" = "SOURCE_ROOT";
		};
		"DFB496247A052ED4E16B1929" = {
			"isa" = "PBXBuildFile";
			"fileRef" = "086628570EBA9A1B68305CEB";
		};
		"7645BD64B7A86272E40CF5AF" = {
			"isa" = "PBXFileReference";
			"lastKnownFileType" = "sourcecode.swift";
			"path" = "CalendarShowcaseMacTests/MacHostTests.swift";
			"sourceTree" = "SOURCE_ROOT";
		};
		"381ACF6F2BE0343EF5ACC1FA" = {
			"isa" = "PBXBuildFile";
			"fileRef" = "7645BD64B7A86272E40CF5AF";
		};
		"C63264407A3B74AF6FB6B188" = {
			"isa" = "PBXFileReference";
			"lastKnownFileType" = "sourcecode.swift";
			"path" = "CalendarShowcaseMacTests/MacPerformanceTests.swift";
			"sourceTree" = "SOURCE_ROOT";
		};
		"F37AD746747CEEA56BAD6E69" = {
			"isa" = "PBXBuildFile";
			"fileRef" = "C63264407A3B74AF6FB6B188";
		};
		"F353A5261FFC63FE3713203E" = {
			"isa" = "PBXFileReference";
			"lastKnownFileType" = "sourcecode.swift";
			"path" = "../Tests/FSCalendarAppKitTests/CalendarAppKitTests.swift";
			"sourceTree" = "SOURCE_ROOT";
		};
		"FDA71C721DC21B23828B2355" = {
			"isa" = "PBXBuildFile";
			"fileRef" = "F353A5261FFC63FE3713203E";
		};
		"18E0B5D8212F58690BE6DD59" = {
			"isa" = "PBXFileReference";
			"lastKnownFileType" = "sourcecode.swift";
			"path" = "../Tests/FSCalendarAppKitTests/CalendarContentTests.swift";
			"sourceTree" = "SOURCE_ROOT";
		};
		"60B5BC4E9DDD2B24EB65232B" = {
			"isa" = "PBXBuildFile";
			"fileRef" = "18E0B5D8212F58690BE6DD59";
		};
		"A7747DFA93A92E4A25C16C8B" = {
			"isa" = "PBXFileReference";
			"lastKnownFileType" = "sourcecode.swift";
			"path" = "../Tests/FSCalendarAppKitTests/CalendarLayoutTests.swift";
			"sourceTree" = "SOURCE_ROOT";
		};
		"E69E9BBF2E60E850E2D1AED8" = {
			"isa" = "PBXBuildFile";
			"fileRef" = "A7747DFA93A92E4A25C16C8B";
		};
		"9BDCC49CC59D231A20677001" = {
			"isa" = "PBXFileReference";
			"lastKnownFileType" = "sourcecode.swift";
			"path" = "../Tests/FSCalendarAppKitTests/CalendarTransitionTests.swift";
			"sourceTree" = "SOURCE_ROOT";
		};
		"3E2F0A3F1B18254778040E42" = {
			"isa" = "PBXBuildFile";
			"fileRef" = "9BDCC49CC59D231A20677001";
		};
		"92B2A0B1A9B83B23A693EE41" = {
			"isa" = "PBXSourcesBuildPhase";
			"buildActionMask" = 2147483647;
			"files" = ("3F0C5AAB98502EC430ED01C0", "DFB496247A052ED4E16B1929", "381ACF6F2BE0343EF5ACC1FA", "F37AD746747CEEA56BAD6E69", "FDA71C721DC21B23828B2355", "60B5BC4E9DDD2B24EB65232B", "E69E9BBF2E60E850E2D1AED8", "3E2F0A3F1B18254778040E42");
			"runOnlyForDeploymentPostprocessing" = 0;
		};
		"5E692C6602F694D74BEFE5BC" = {
			"isa" = "PBXBuildFile";
			"fileRef" = "C8FD54D416DDC7535F55B3AB";
		};
		"57BFCB448065432E256800AB" = {
			"isa" = "XCSwiftPackageProductDependency";
			"productName" = "FSCalendarCore";
		};
		"DB46548F90AB464B4EF651DD" = {
			"isa" = "PBXBuildFile";
			"productRef" = "57BFCB448065432E256800AB";
		};
		"5FB4365F5F35A126C148314F" = {
			"isa" = "XCSwiftPackageProductDependency";
			"productName" = "FSCalendarAppKit";
		};
		"7E7C89F3A94BBF020D85BE40" = {
			"isa" = "PBXBuildFile";
			"productRef" = "5FB4365F5F35A126C148314F";
		};
		"DA909A2C5B688ABAA4B4D53D" = {
			"isa" = "PBXFrameworksBuildPhase";
			"buildActionMask" = 2147483647;
			"files" = ("5E692C6602F694D74BEFE5BC", "DB46548F90AB464B4EF651DD", "7E7C89F3A94BBF020D85BE40");
			"runOnlyForDeploymentPostprocessing" = 0;
		};
		"3F652062A97C11698CF39C83" = {
			"isa" = "PBXResourcesBuildPhase";
			"buildActionMask" = 2147483647;
			"files" = ();
			"runOnlyForDeploymentPostprocessing" = 0;
		};
		"274B03BE0A3C139D35F39187" = {
			"isa" = "PBXContainerItemProxy";
			"containerPortal" = "98F54143AB4E86B28C3AFEE0";
			"proxyType" = 1;
			"remoteGlobalIDString" = "239F3C8BE583882221681140";
			"remoteInfo" = "CalendarShowcaseMac";
		};
		"F0993F071B462264F46CE35B" = {
			"isa" = "PBXTargetDependency";
			"target" = "239F3C8BE583882221681140";
			"targetProxy" = "274B03BE0A3C139D35F39187";
		};
		"4E3F3ADC5BE294D172DFA4C5" = {
			"isa" = "XCBuildConfiguration";
			"buildSettings" = {
				"PRODUCT_NAME" = "$(TARGET_NAME)";
				"PRODUCT_BUNDLE_IDENTIFIER" = "com.spbgfs.fscalendar.calendarshowcasemactests";
				"DEVELOPMENT_TEAM" = "MDPX5436J8";
				"CODE_SIGN_STYLE" = "Automatic";
				"GENERATE_INFOPLIST_FILE" = "YES";
				"SWIFT_VERSION" = "6.0";
				"SDKROOT" = "macosx";
				"SUPPORTED_PLATFORMS" = "macosx";
				"CLANG_ENABLE_MODULES" = "YES";
				"CLANG_ENABLE_OBJC_ARC" = "YES";
				"ENABLE_USER_SCRIPT_SANDBOXING" = "YES";
				"SWIFT_STRICT_CONCURRENCY" = "complete";
				"SWIFT_EMIT_LOC_STRINGS" = "NO";
				"ENABLE_TESTABILITY" = "YES";
				"LD_RUNPATH_SEARCH_PATHS" = ("$(inherited)", "@executable_path/../Frameworks", "@loader_path/../Frameworks");
				"MACOSX_DEPLOYMENT_TARGET" = "13.0";
				"ONLY_ACTIVE_ARCH" = "YES";
				"CODE_SIGN_IDENTITY" = "-";
				"ENABLE_HARDENED_RUNTIME" = "NO";
				"SWIFT_TREAT_WARNINGS_AS_ERRORS" = "YES";
				"TEST_HOST" = "$(BUILT_PRODUCTS_DIR)/CalendarShowcaseMac.app/Contents/MacOS/CalendarShowcaseMac";
				"BUNDLE_LOADER" = "$(TEST_HOST)";
				"SWIFT_OPTIMIZATION_LEVEL" = "-Onone";
				"GCC_PREPROCESSOR_DEFINITIONS" = ("$(inherited)", "DEBUG=1");
			};
			"name" = "Debug";
		};
		"CAE7E0CC3EA05FCFA46BBDEC" = {
			"isa" = "XCBuildConfiguration";
			"buildSettings" = {
				"PRODUCT_NAME" = "$(TARGET_NAME)";
				"PRODUCT_BUNDLE_IDENTIFIER" = "com.spbgfs.fscalendar.calendarshowcasemactests";
				"DEVELOPMENT_TEAM" = "MDPX5436J8";
				"CODE_SIGN_STYLE" = "Automatic";
				"GENERATE_INFOPLIST_FILE" = "YES";
				"SWIFT_VERSION" = "6.0";
				"SDKROOT" = "macosx";
				"SUPPORTED_PLATFORMS" = "macosx";
				"CLANG_ENABLE_MODULES" = "YES";
				"CLANG_ENABLE_OBJC_ARC" = "YES";
				"ENABLE_USER_SCRIPT_SANDBOXING" = "YES";
				"SWIFT_STRICT_CONCURRENCY" = "complete";
				"SWIFT_EMIT_LOC_STRINGS" = "NO";
				"ENABLE_TESTABILITY" = "YES";
				"LD_RUNPATH_SEARCH_PATHS" = ("$(inherited)", "@executable_path/../Frameworks", "@loader_path/../Frameworks");
				"MACOSX_DEPLOYMENT_TARGET" = "13.0";
				"ONLY_ACTIVE_ARCH" = "YES";
				"CODE_SIGN_IDENTITY" = "-";
				"ENABLE_HARDENED_RUNTIME" = "NO";
				"SWIFT_TREAT_WARNINGS_AS_ERRORS" = "YES";
				"TEST_HOST" = "$(BUILT_PRODUCTS_DIR)/CalendarShowcaseMac.app/Contents/MacOS/CalendarShowcaseMac";
				"BUNDLE_LOADER" = "$(TEST_HOST)";
				"SWIFT_OPTIMIZATION_LEVEL" = "-O";
				"GCC_PREPROCESSOR_DEFINITIONS" = ("$(inherited)");
			};
			"name" = "Release";
		};
		"B7EE1F3F366609F4B29E1CAA" = {
			"isa" = "XCConfigurationList";
			"buildConfigurations" = ("4E3F3ADC5BE294D172DFA4C5", "CAE7E0CC3EA05FCFA46BBDEC");
			"defaultConfigurationIsVisible" = 0;
			"defaultConfigurationName" = "Release";
		};
		"AB8985818AEEC1F01784EC09" = {
			"isa" = "PBXNativeTarget";
			"buildConfigurationList" = "B7EE1F3F366609F4B29E1CAA";
			"buildPhases" = ("92B2A0B1A9B83B23A693EE41", "DA909A2C5B688ABAA4B4D53D", "3F652062A97C11698CF39C83");
			"buildRules" = ();
			"dependencies" = ("F0993F071B462264F46CE35B");
			"packageProductDependencies" = ("57BFCB448065432E256800AB", "5FB4365F5F35A126C148314F");
			"name" = "CalendarShowcaseMacTests";
			"productName" = "CalendarShowcaseMacTests";
			"productReference" = "DB78D612172724630BA8189D";
			"productType" = "com.apple.product-type.bundle.unit-test";
		};
		"27952999CA5692BF4DA47226" = {
			"isa" = "PBXFileReference";
			"explicitFileType" = "wrapper.cfbundle";
			"includeInIndex" = 0;
			"path" = "CalendarShowcaseMacUITests.xctest";
			"sourceTree" = "BUILT_PRODUCTS_DIR";
		};
		"6A39F9C28E2A8FA51754B54A" = {
			"isa" = "PBXFileReference";
			"lastKnownFileType" = "sourcecode.swift";
			"path" = "CalendarShowcaseMacUITests/MacUITests.swift";
			"sourceTree" = "SOURCE_ROOT";
		};
		"ECA71255A96A405EBD69705A" = {
			"isa" = "PBXBuildFile";
			"fileRef" = "6A39F9C28E2A8FA51754B54A";
		};
		"C9D3DBD7B47545C9F992AD4F" = {
			"isa" = "PBXSourcesBuildPhase";
			"buildActionMask" = 2147483647;
			"files" = ("ECA71255A96A405EBD69705A");
			"runOnlyForDeploymentPostprocessing" = 0;
		};
		"844BA498A0C6EFCA3CB54279" = {
			"isa" = "PBXFrameworksBuildPhase";
			"buildActionMask" = 2147483647;
			"files" = ();
			"runOnlyForDeploymentPostprocessing" = 0;
		};
		"9D1D367C46EB3C25A38E940A" = {
			"isa" = "PBXResourcesBuildPhase";
			"buildActionMask" = 2147483647;
			"files" = ();
			"runOnlyForDeploymentPostprocessing" = 0;
		};
		"EF51E83806F1C34642B5F853" = {
			"isa" = "PBXContainerItemProxy";
			"containerPortal" = "98F54143AB4E86B28C3AFEE0";
			"proxyType" = 1;
			"remoteGlobalIDString" = "239F3C8BE583882221681140";
			"remoteInfo" = "CalendarShowcaseMac";
		};
		"0629D4ED6CAF5F1D565C5919" = {
			"isa" = "PBXTargetDependency";
			"target" = "239F3C8BE583882221681140";
			"targetProxy" = "EF51E83806F1C34642B5F853";
		};
		"2B4D7A5558146F00F459CBF3" = {
			"isa" = "XCBuildConfiguration";
			"buildSettings" = {
				"PRODUCT_NAME" = "$(TARGET_NAME)";
				"PRODUCT_BUNDLE_IDENTIFIER" = "com.spbgfs.fscalendar.calendarshowcasemacuitests";
				"DEVELOPMENT_TEAM" = "MDPX5436J8";
				"CODE_SIGN_STYLE" = "Automatic";
				"GENERATE_INFOPLIST_FILE" = "YES";
				"SWIFT_VERSION" = "6.0";
				"SDKROOT" = "macosx";
				"SUPPORTED_PLATFORMS" = "macosx";
				"CLANG_ENABLE_MODULES" = "YES";
				"CLANG_ENABLE_OBJC_ARC" = "YES";
				"ENABLE_USER_SCRIPT_SANDBOXING" = "YES";
				"SWIFT_STRICT_CONCURRENCY" = "complete";
				"SWIFT_EMIT_LOC_STRINGS" = "NO";
				"ENABLE_TESTABILITY" = "YES";
				"LD_RUNPATH_SEARCH_PATHS" = ("$(inherited)", "@executable_path/../Frameworks", "@loader_path/../Frameworks");
				"MACOSX_DEPLOYMENT_TARGET" = "13.0";
				"ONLY_ACTIVE_ARCH" = "YES";
				"CODE_SIGN_IDENTITY" = "-";
				"ENABLE_HARDENED_RUNTIME" = "NO";
				"SWIFT_TREAT_WARNINGS_AS_ERRORS" = "YES";
				"TEST_TARGET_NAME" = "CalendarShowcaseMac";
				"SWIFT_OPTIMIZATION_LEVEL" = "-Onone";
				"GCC_PREPROCESSOR_DEFINITIONS" = ("$(inherited)", "DEBUG=1");
			};
			"name" = "Debug";
		};
		"1B28E4A5366B58434C0CF5E7" = {
			"isa" = "XCBuildConfiguration";
			"buildSettings" = {
				"PRODUCT_NAME" = "$(TARGET_NAME)";
				"PRODUCT_BUNDLE_IDENTIFIER" = "com.spbgfs.fscalendar.calendarshowcasemacuitests";
				"DEVELOPMENT_TEAM" = "MDPX5436J8";
				"CODE_SIGN_STYLE" = "Automatic";
				"GENERATE_INFOPLIST_FILE" = "YES";
				"SWIFT_VERSION" = "6.0";
				"SDKROOT" = "macosx";
				"SUPPORTED_PLATFORMS" = "macosx";
				"CLANG_ENABLE_MODULES" = "YES";
				"CLANG_ENABLE_OBJC_ARC" = "YES";
				"ENABLE_USER_SCRIPT_SANDBOXING" = "YES";
				"SWIFT_STRICT_CONCURRENCY" = "complete";
				"SWIFT_EMIT_LOC_STRINGS" = "NO";
				"ENABLE_TESTABILITY" = "YES";
				"LD_RUNPATH_SEARCH_PATHS" = ("$(inherited)", "@executable_path/../Frameworks", "@loader_path/../Frameworks");
				"MACOSX_DEPLOYMENT_TARGET" = "13.0";
				"ONLY_ACTIVE_ARCH" = "YES";
				"CODE_SIGN_IDENTITY" = "-";
				"ENABLE_HARDENED_RUNTIME" = "NO";
				"SWIFT_TREAT_WARNINGS_AS_ERRORS" = "YES";
				"TEST_TARGET_NAME" = "CalendarShowcaseMac";
				"SWIFT_OPTIMIZATION_LEVEL" = "-O";
				"GCC_PREPROCESSOR_DEFINITIONS" = ("$(inherited)");
			};
			"name" = "Release";
		};
		"8BA8CD1FCC55E28CFE58EF2B" = {
			"isa" = "XCConfigurationList";
			"buildConfigurations" = ("2B4D7A5558146F00F459CBF3", "1B28E4A5366B58434C0CF5E7");
			"defaultConfigurationIsVisible" = 0;
			"defaultConfigurationName" = "Release";
		};
		"60639306B758A17D5AEBF36C" = {
			"isa" = "PBXNativeTarget";
			"buildConfigurationList" = "8BA8CD1FCC55E28CFE58EF2B";
			"buildPhases" = ("C9D3DBD7B47545C9F992AD4F", "844BA498A0C6EFCA3CB54279", "9D1D367C46EB3C25A38E940A");
			"buildRules" = ();
			"dependencies" = ("0629D4ED6CAF5F1D565C5919");
			"packageProductDependencies" = ();
			"name" = "CalendarShowcaseMacUITests";
			"productName" = "CalendarShowcaseMacUITests";
			"productReference" = "27952999CA5692BF4DA47226";
			"productType" = "com.apple.product-type.bundle.ui-testing";
		};
		"FBDC4F23F93125BBEEAE800C" = {
			"isa" = "PBXGroup";
			"children" = ("7E88C55C35D1EB18F7D798A3", "7057570427DE372E16174201", "1F23E772E32885CE37E11282", "81632FA471E2ABAEAE6D5BC9", "A0AAA320EFE8363A547EA7CA", "23C21D3607444669AB28773B", "C8FD54D416DDC7535F55B3AB", "E490B34786C976E221E431AA", "DB78D612172724630BA8189D", "27952999CA5692BF4DA47226");
			"name" = "Products";
			"sourceTree" = "<group>";
		};
		"FFD1E8476BE8DFDA246F284E" = {
			"isa" = "PBXFileReference";
			"lastKnownFileType" = "text";
			"path" = "CalendarShowcase.xctestplan";
			"sourceTree" = "SOURCE_ROOT";
		};
		"DC76E9F0C0006E8F919E0C51" = {
			"isa" = "PBXGroup";
			"children" = ("B4113CC32004799EF927D8F4", "23110E91329F094AC02D8204", "AFE41A8C5BA686AC1D0FE0C0", "88DDC9E3D44F91136C53D5FB", "72E529F73CBD50E227FD856B", "7A88F98E1631F00AD8CC8568", "5819106557D3AF98A5FADD71", "B5D6AF6402C1C1DFF71587E9", "28FDB50C175165A9506196E9", "517351B08E583ED17EDCE03A", "3E6923A95D5928BAC055040F", "FD4C24C574BA8F253B653409", "B9BD3F33C797CCDC54CEAD70", "3EDBB8F452D823DCA17F5020", "86D9FB4F6BA17E9D1523CAE9", "6DE1EAF68A19EED0B070E25F", "331C7BE8F6635AE326E412A5", "099B8C91163280888C789D5D", "71659A698C964BE8CF1794D0", "3565198C6397E22419590705", "B7192EA80985FD79AADC6598", "086628570EBA9A1B68305CEB", "7645BD64B7A86272E40CF5AF", "C63264407A3B74AF6FB6B188", "F353A5261FFC63FE3713203E", "18E0B5D8212F58690BE6DD59", "A7747DFA93A92E4A25C16C8B", "9BDCC49CC59D231A20677001", "6A39F9C28E2A8FA51754B54A", "FFD1E8476BE8DFDA246F284E", "FBDC4F23F93125BBEEAE800C");
			"sourceTree" = "<group>";
		};
		"AB52CB08E0FDF02BF6C67C33" = {
			"isa" = "XCBuildConfiguration";
			"buildSettings" = {
				"ALWAYS_SEARCH_USER_PATHS" = "NO";
				"CLANG_ENABLE_MODULES" = "YES";
				"GCC_C_LANGUAGE_STANDARD" = "gnu17";
				"CLANG_CXX_LANGUAGE_STANDARD" = "gnu++20";
				"DEBUG_INFORMATION_FORMAT" = "dwarf-with-dsym";
				"SWIFT_OPTIMIZATION_LEVEL" = "-Onone";
				"GCC_PREPROCESSOR_DEFINITIONS" = ("$(inherited)", "DEBUG=1");
			};
			"name" = "Debug";
		};
		"5283471FF90C511CFE244FFF" = {
			"isa" = "XCBuildConfiguration";
			"buildSettings" = {
				"ALWAYS_SEARCH_USER_PATHS" = "NO";
				"CLANG_ENABLE_MODULES" = "YES";
				"GCC_C_LANGUAGE_STANDARD" = "gnu17";
				"CLANG_CXX_LANGUAGE_STANDARD" = "gnu++20";
				"DEBUG_INFORMATION_FORMAT" = "dwarf-with-dsym";
				"SWIFT_OPTIMIZATION_LEVEL" = "-O";
				"GCC_PREPROCESSOR_DEFINITIONS" = ("$(inherited)");
			};
			"name" = "Release";
		};
		"4BA304E783CFBB9FA6E56552" = {
			"isa" = "XCConfigurationList";
			"buildConfigurations" = ("AB52CB08E0FDF02BF6C67C33", "5283471FF90C511CFE244FFF");
			"defaultConfigurationIsVisible" = 0;
			"defaultConfigurationName" = "Release";
		};
		"98F54143AB4E86B28C3AFEE0" = {
			"isa" = "PBXProject";
			"attributes" = {
				"BuildIndependentTargetsInParallel" = "YES";
				"LastUpgradeCheck" = "2600";
				"TargetAttributes" = {
					"631974F29E71808D0C7A71B9" = {
						"TestTargetID" = "660849A8C7D49A1419FE6191";
					};
					"C0376A1982B11CEE751A7FF5" = {
						"TestTargetID" = "660849A8C7D49A1419FE6191";
					};
				};
			};
			"buildConfigurationList" = "4BA304E783CFBB9FA6E56552";
			"compatibilityVersion" = "Xcode 14.0";
			"developmentRegion" = "en";
			"hasScannedForEncodings" = 0;
			"knownRegions" = ("en", "Base");
			"mainGroup" = "DC76E9F0C0006E8F919E0C51";
			"productRefGroup" = "FBDC4F23F93125BBEEAE800C";
			"projectDirPath" = "";
			"projectRoot" = "";
			"targets" = ("5B1EF304FF905A5B1BA0FBDA", "82AD5E6D8C7F9296BDF7089A", "253BFE6D4BCACA7861FDDFC1", "660849A8C7D49A1419FE6191", "631974F29E71808D0C7A71B9", "C0376A1982B11CEE751A7FF5", "4250E6CA61C9D17106890D88", "239F3C8BE583882221681140", "AB8985818AEEC1F01784EC09", "60639306B758A17D5AEBF36C");
			"packageReferences" = ("CF21FADD42EAB8F8303A3895");
		};
	};
	"rootObject" = "98F54143AB4E86B28C3AFEE0";
}
